
Microsoft Visual Studio Solution File, Format Version 12.00
# Visual Studio 15
Project("{FAE04EC0-301F-11D3-BF4B-00C04F79EFBC}") = "Assembly-CSharp", "Assembly-CSharp.csproj", "{37FED109-5B6F-1BB5-0AF9-76A476F1A064}"
EndProject
Project("{FAE04EC0-301F-11D3-BF4B-00C04F79EFBC}") = "Assembly-CSharp-Editor", "Assembly-CSharp-Editor.csproj", "{FC08C965-909E-AFF1-16BA-27EC160C7A27}"
EndProject
Global
	GlobalSection(SolutionConfigurationPlatforms) = preSolution
		Debug|Any CPU = Debug|Any CPU
		Release|Any CPU = Release|Any CPU
	EndGlobalSection
	GlobalSection(ProjectConfigurationPlatforms) = postSolution
		{37FED109-5B6F-1BB5-0AF9-76A476F1A064}.Debug|Any CPU.ActiveCfg = Debug|Any CPU
		{37FED109-5B6F-1BB5-0AF9-76A476F1A064}.Debug|Any CPU.Build.0 = Debug|Any CPU
		{37FED109-5B6F-1BB5-0AF9-76A476F1A064}.Release|Any CPU.ActiveCfg = Release|Any CPU
		{37FED109-5B6F-1BB5-0AF9-76A476F1A064}.Release|Any CPU.Build.0 = Release|Any CPU
		{FC08C965-909E-AFF1-16BA-27EC160C7A27}.Debug|Any CPU.ActiveCfg = Debug|Any CPU
		{FC08C965-909E-AFF1-16BA-27EC160C7A27}.Debug|Any CPU.Build.0 = Debug|Any CPU
		{FC08C965-909E-AFF1-16BA-27EC160C7A27}.Release|Any CPU.ActiveCfg = Release|Any CPU
		{FC08C965-909E-AFF1-16BA-27EC160C7A27}.Release|Any CPU.Build.0 = Release|Any CPU
	EndGlobalSection
	GlobalSection(SolutionProperties) = preSolution
		HideSolutionNode = FALSE
	EndGlobalSection
EndGlobal
